
Microsoft Visual Studio Solution File, Format Version 12.00
# Visual Studio Version 17
VisualStudioVersion = 17.5.33627.172
MinimumVisualStudioVersion = 10.0.40219.1
Project("{FAE04EC0-301F-11D3-BF4B-00C04F79EFBC}") = "ProyectoPlazoletasUsuariosAjuste", "ProyectoPlazoletasUsuariosAjuste\ProyectoPlazoletasUsuariosAjuste.csproj", "{067ED4C5-5146-4494-9707-DE34ADED87E3}"
EndProject
Project("{FAE04EC0-301F-11D3-BF4B-00C04F79EFBC}") = "Dominio", "Dominio\Dominio.csproj", "{3231086B-F1EA-4639-A278-E09BC0EC3335}"
EndProject
Project("{FAE04EC0-301F-11D3-BF4B-00C04F79EFBC}") = "Aplicacion", "Aplicacion\Aplicacion.csproj", "{5C924F56-3674-4D39-B8FD-0299DBACF307}"
EndProject
Project("{FAE04EC0-301F-11D3-BF4B-00C04F79EFBC}") = "Infraestructura", "Infraestructura\Infraestructura.csproj", "{F2FA0B7F-DDC4-46B2-B4D4-F4BCA953D2D3}"
EndProject
Project("{FAE04EC0-301F-11D3-BF4B-00C04F79EFBC}") = "Test", "Test\Test.csproj", "{5FFA8122-29B5-4559-900B-7BD589F230C2}"
EndProject
Global
	GlobalSection(SolutionConfigurationPlatforms) = preSolution
		Debug|Any CPU = Debug|Any CPU
		Release|Any CPU = Release|Any CPU
	EndGlobalSection
	GlobalSection(ProjectConfigurationPlatforms) = postSolution
		{067ED4C5-5146-4494-9707-DE34ADED87E3}.Debug|Any CPU.ActiveCfg = Debug|Any CPU
		{067ED4C5-5146-4494-9707-DE34ADED87E3}.Debug|Any CPU.Build.0 = Debug|Any CPU
		{067ED4C5-5146-4494-9707-DE34ADED87E3}.Release|Any CPU.ActiveCfg = Release|Any CPU
		{067ED4C5-5146-4494-9707-DE34ADED87E3}.Release|Any CPU.Build.0 = Release|Any CPU
		{3231086B-F1EA-4639-A278-E09BC0EC3335}.Debug|Any CPU.ActiveCfg = Debug|Any CPU
		{3231086B-F1EA-4639-A278-E09BC0EC3335}.Debug|Any CPU.Build.0 = Debug|Any CPU
		{3231086B-F1EA-4639-A278-E09BC0EC3335}.Release|Any CPU.ActiveCfg = Release|Any CPU
		{3231086B-F1EA-4639-A278-E09BC0EC3335}.Release|Any CPU.Build.0 = Release|Any CPU
		{5C924F56-3674-4D39-B8FD-0299DBACF307}.Debug|Any CPU.ActiveCfg = Debug|Any CPU
		{5C924F56-3674-4D39-B8FD-0299DBACF307}.Debug|Any CPU.Build.0 = Debug|Any CPU
		{5C924F56-3674-4D39-B8FD-0299DBACF307}.Release|Any CPU.ActiveCfg = Release|Any CPU
		{5C924F56-3674-4D39-B8FD-0299DBACF307}.Release|Any CPU.Build.0 = Release|Any CPU
		{F2FA0B7F-DDC4-46B2-B4D4-F4BCA953D2D3}.Debug|Any CPU.ActiveCfg = Debug|Any CPU
		{F2FA0B7F-DDC4-46B2-B4D4-F4BCA953D2D3}.Debug|Any CPU.Build.0 = Debug|Any CPU
		{F2FA0B7F-DDC4-46B2-B4D4-F4BCA953D2D3}.Release|Any CPU.ActiveCfg = Release|Any CPU
		{F2FA0B7F-DDC4-46B2-B4D4-F4BCA953D2D3}.Release|Any CPU.Build.0 = Release|Any CPU
		{5FFA8122-29B5-4559-900B-7BD589F230C2}.Debug|Any CPU.ActiveCfg = Debug|Any CPU
		{5FFA8122-29B5-4559-900B-7BD589F230C2}.Debug|Any CPU.Build.0 = Debug|Any CPU
		{5FFA8122-29B5-4559-900B-7BD589F230C2}.Release|Any CPU.ActiveCfg = Release|Any CPU
		{5FFA8122-29B5-4559-900B-7BD589F230C2}.Release|Any CPU.Build.0 = Release|Any CPU
	EndGlobalSection
	GlobalSection(SolutionProperties) = preSolution
		HideSolutionNode = FALSE
	EndGlobalSection
	GlobalSection(ExtensibilityGlobals) = postSolution
		SolutionGuid = {50B1708A-C200-47F3-A978-D6D365617653}
	EndGlobalSection
EndGlobal
